
Microsoft Visual Studio Solution File, Format Version 11.00
# Visual Studio 2010
Project("{FAE04EC0-301F-11D3-BF4B-00C04F79EFBC}") = "CSharpInteropTests", "CSharpInteropTests\CSharpInteropTests.csproj", "{8D40D16D-E324-439A-8E33-F58603875253}"
EndProject
Project("{F2A71F9B-5D33-465A-A702-920D77279786}") = "FSharpConsoleApp", "FSharpConsoleApp\FSharpConsoleApp.fsproj", "{F88E99CD-628F-4A7E-801D-5C5989575235}"
EndProject
Project("{F2A71F9B-5D33-465A-A702-920D77279786}") = "FSharpLibrary", "FSharpLibrary\FSharpLibrary.fsproj", "{19F406C0-199F-4D1D-80D7-59F1C44286D6}"
EndProject
Project("{F2A71F9B-5D33-465A-A702-920D77279786}") = "FSharpScripts", "FSharpScripts\FSharpScripts.fsproj", "{07BD2098-4FA7-49DF-9879-DCB34B0101F7}"
EndProject
Global
	GlobalSection(SolutionConfigurationPlatforms) = preSolution
		Debug|Any CPU = Debug|Any CPU
		Debug|Mixed Platforms = Debug|Mixed Platforms
		Debug|x86 = Debug|x86
		Release|Any CPU = Release|Any CPU
		Release|Mixed Platforms = Release|Mixed Platforms
		Release|x86 = Release|x86
	EndGlobalSection
	GlobalSection(ProjectConfigurationPlatforms) = postSolution
		{8D40D16D-E324-439A-8E33-F58603875253}.Debug|Any CPU.ActiveCfg = Debug|Any CPU
		{8D40D16D-E324-439A-8E33-F58603875253}.Debug|Any CPU.Build.0 = Debug|Any CPU
		{8D40D16D-E324-439A-8E33-F58603875253}.Debug|Mixed Platforms.ActiveCfg = Debug|Any CPU
		{8D40D16D-E324-439A-8E33-F58603875253}.Debug|Mixed Platforms.Build.0 = Debug|Any CPU
		{8D40D16D-E324-439A-8E33-F58603875253}.Debug|x86.ActiveCfg = Debug|Any CPU
		{8D40D16D-E324-439A-8E33-F58603875253}.Release|Any CPU.ActiveCfg = Release|Any CPU
		{8D40D16D-E324-439A-8E33-F58603875253}.Release|Any CPU.Build.0 = Release|Any CPU
		{8D40D16D-E324-439A-8E33-F58603875253}.Release|Mixed Platforms.ActiveCfg = Release|Any CPU
		{8D40D16D-E324-439A-8E33-F58603875253}.Release|Mixed Platforms.Build.0 = Release|Any CPU
		{8D40D16D-E324-439A-8E33-F58603875253}.Release|x86.ActiveCfg = Release|Any CPU
		{F88E99CD-628F-4A7E-801D-5C5989575235}.Debug|Any CPU.ActiveCfg = Debug|x86
		{F88E99CD-628F-4A7E-801D-5C5989575235}.Debug|Mixed Platforms.ActiveCfg = Debug|x86
		{F88E99CD-628F-4A7E-801D-5C5989575235}.Debug|Mixed Platforms.Build.0 = Debug|x86
		{F88E99CD-628F-4A7E-801D-5C5989575235}.Debug|x86.ActiveCfg = Debug|x86
		{F88E99CD-628F-4A7E-801D-5C5989575235}.Debug|x86.Build.0 = Debug|x86
		{F88E99CD-628F-4A7E-801D-5C5989575235}.Release|Any CPU.ActiveCfg = Release|x86
		{F88E99CD-628F-4A7E-801D-5C5989575235}.Release|Mixed Platforms.ActiveCfg = Release|x86
		{F88E99CD-628F-4A7E-801D-5C5989575235}.Release|Mixed Platforms.Build.0 = Release|x86
		{F88E99CD-628F-4A7E-801D-5C5989575235}.Release|x86.ActiveCfg = Release|x86
		{F88E99CD-628F-4A7E-801D-5C5989575235}.Release|x86.Build.0 = Release|x86
		{19F406C0-199F-4D1D-80D7-59F1C44286D6}.Debug|Any CPU.ActiveCfg = Debug|Any CPU
		{19F406C0-199F-4D1D-80D7-59F1C44286D6}.Debug|Any CPU.Build.0 = Debug|Any CPU
		{19F406C0-199F-4D1D-80D7-59F1C44286D6}.Debug|Mixed Platforms.ActiveCfg = Debug|Any CPU
		{19F406C0-199F-4D1D-80D7-59F1C44286D6}.Debug|Mixed Platforms.Build.0 = Debug|Any CPU
		{19F406C0-199F-4D1D-80D7-59F1C44286D6}.Debug|x86.ActiveCfg = Debug|Any CPU
		{19F406C0-199F-4D1D-80D7-59F1C44286D6}.Release|Any CPU.ActiveCfg = Release|Any CPU
		{19F406C0-199F-4D1D-80D7-59F1C44286D6}.Release|Any CPU.Build.0 = Release|Any CPU
		{19F406C0-199F-4D1D-80D7-59F1C44286D6}.Release|Mixed Platforms.ActiveCfg = Release|Any CPU
		{19F406C0-199F-4D1D-80D7-59F1C44286D6}.Release|Mixed Platforms.Build.0 = Release|Any CPU
		{19F406C0-199F-4D1D-80D7-59F1C44286D6}.Release|x86.ActiveCfg = Release|Any CPU
		{07BD2098-4FA7-49DF-9879-DCB34B0101F7}.Debug|Any CPU.ActiveCfg = Debug|Any CPU
		{07BD2098-4FA7-49DF-9879-DCB34B0101F7}.Debug|Any CPU.Build.0 = Debug|Any CPU
		{07BD2098-4FA7-49DF-9879-DCB34B0101F7}.Debug|Mixed Platforms.ActiveCfg = Debug|Any CPU
		{07BD2098-4FA7-49DF-9879-DCB34B0101F7}.Debug|Mixed Platforms.Build.0 = Debug|Any CPU
		{07BD2098-4FA7-49DF-9879-DCB34B0101F7}.Debug|x86.ActiveCfg = Debug|Any CPU
		{07BD2098-4FA7-49DF-9879-DCB34B0101F7}.Release|Any CPU.ActiveCfg = Release|Any CPU
		{07BD2098-4FA7-49DF-9879-DCB34B0101F7}.Release|Any CPU.Build.0 = Release|Any CPU
		{07BD2098-4FA7-49DF-9879-DCB34B0101F7}.Release|Mixed Platforms.ActiveCfg = Release|Any CPU
		{07BD2098-4FA7-49DF-9879-DCB34B0101F7}.Release|Mixed Platforms.Build.0 = Release|Any CPU
		{07BD2098-4FA7-49DF-9879-DCB34B0101F7}.Release|x86.ActiveCfg = Release|Any CPU
	EndGlobalSection
	GlobalSection(SolutionProperties) = preSolution
		HideSolutionNode = FALSE
	EndGlobalSection
EndGlobal
